
Microsoft Visual Studio Solution File, Format Version 12.00
# Visual Studio Version 17
VisualStudioVersion = 17.5.002.0
MinimumVisualStudioVersion = 10.0.40219.1
Project("{9A19103F-16F7-4668-BE54-9A1E7A4F7556}") = "06_How to Limit Number of Concurrent Tasks in C#", "06_How to Limit Number of Concurrent Tasks in C#.csproj", "{DD959798-5C79-499E-BB90-4A2A3244261E}"
EndProject
Global
	GlobalSection(SolutionConfigurationPlatforms) = preSolution
		Debug|Any CPU = Debug|Any CPU
		Release|Any CPU = Release|Any CPU
	EndGlobalSection
	GlobalSection(ProjectConfigurationPlatforms) = postSolution
		{DD959798-5C79-499E-BB90-4A2A3244261E}.Debug|Any CPU.ActiveCfg = Debug|Any CPU
		{DD959798-5C79-499E-BB90-4A2A3244261E}.Debug|Any CPU.Build.0 = Debug|Any CPU
		{DD959798-5C79-499E-BB90-4A2A3244261E}.Release|Any CPU.ActiveCfg = Release|Any CPU
		{DD959798-5C79-499E-BB90-4A2A3244261E}.Release|Any CPU.Build.0 = Release|Any CPU
	EndGlobalSection
	GlobalSection(SolutionProperties) = preSolution
		HideSolutionNode = FALSE
	EndGlobalSection
	GlobalSection(ExtensibilityGlobals) = postSolution
		SolutionGuid = {E77AE75B-0BF4-40D7-BB6A-29EBACA9420E}
	EndGlobalSection
EndGlobal
