
Microsoft Visual Studio Solution File, Format Version 12.00
# Visual Studio Version 17
VisualStudioVersion = 17.8.34330.188
MinimumVisualStudioVersion = 10.0.40219.1
Project("{9A19103F-16F7-4668-BE54-9A1E7A4F7556}") = "AccessSpecifierDemo", "AccessSpecifierDemo\AccessSpecifierDemo.csproj", "{A6BFFFB3-42BA-4B9E-AC68-14C5EE005682}"
EndProject
Project("{FAE04EC0-301F-11D3-BF4B-00C04F79EFBC}") = "AssemblyOne", "AssemblyOne\AssemblyOne.csproj", "{6425F72E-9DE9-45C6-BA24-79FD78A1B2F1}"
EndProject
Global
	GlobalSection(SolutionConfigurationPlatforms) = preSolution
		Debug|Any CPU = Debug|Any CPU
		Release|Any CPU = Release|Any CPU
	EndGlobalSection
	GlobalSection(ProjectConfigurationPlatforms) = postSolution
		{A6BFFFB3-42BA-4B9E-AC68-14C5EE005682}.Debug|Any CPU.ActiveCfg = Debug|Any CPU
		{A6BFFFB3-42BA-4B9E-AC68-14C5EE005682}.Debug|Any CPU.Build.0 = Debug|Any CPU
		{A6BFFFB3-42BA-4B9E-AC68-14C5EE005682}.Release|Any CPU.ActiveCfg = Release|Any CPU
		{A6BFFFB3-42BA-4B9E-AC68-14C5EE005682}.Release|Any CPU.Build.0 = Release|Any CPU
		{6425F72E-9DE9-45C6-BA24-79FD78A1B2F1}.Debug|Any CPU.ActiveCfg = Debug|Any CPU
		{6425F72E-9DE9-45C6-BA24-79FD78A1B2F1}.Debug|Any CPU.Build.0 = Debug|Any CPU
		{6425F72E-9DE9-45C6-BA24-79FD78A1B2F1}.Release|Any CPU.ActiveCfg = Release|Any CPU
		{6425F72E-9DE9-45C6-BA24-79FD78A1B2F1}.Release|Any CPU.Build.0 = Release|Any CPU
	EndGlobalSection
	GlobalSection(SolutionProperties) = preSolution
		HideSolutionNode = FALSE
	EndGlobalSection
	GlobalSection(ExtensibilityGlobals) = postSolution
		SolutionGuid = {803214F8-01CC-4B9B-BF0D-A34D643A7116}
	EndGlobalSection
EndGlobal
