
Microsoft Visual Studio Solution File, Format Version 12.00
# Visual Studio Version 17
VisualStudioVersion = 17.5.002.0
MinimumVisualStudioVersion = 10.0.40219.1
Project("{9A19103F-16F7-4668-BE54-9A1E7A4F7556}") = "PrintValueExample", "PrintValueExample.csproj", "{2B31A2DC-65FC-47AC-82C1-29790EEA925D}"
EndProject
Global
	GlobalSection(SolutionConfigurationPlatforms) = preSolution
		Debug|Any CPU = Debug|Any CPU
		Release|Any CPU = Release|Any CPU
	EndGlobalSection
	GlobalSection(ProjectConfigurationPlatforms) = postSolution
		{2B31A2DC-65FC-47AC-82C1-29790EEA925D}.Debug|Any CPU.ActiveCfg = Debug|Any CPU
		{2B31A2DC-65FC-47AC-82C1-29790EEA925D}.Debug|Any CPU.Build.0 = Debug|Any CPU
		{2B31A2DC-65FC-47AC-82C1-29790EEA925D}.Release|Any CPU.ActiveCfg = Release|Any CPU
		{2B31A2DC-65FC-47AC-82C1-29790EEA925D}.Release|Any CPU.Build.0 = Release|Any CPU
	EndGlobalSection
	GlobalSection(SolutionProperties) = preSolution
		HideSolutionNode = FALSE
	EndGlobalSection
	GlobalSection(ExtensibilityGlobals) = postSolution
		SolutionGuid = {AD46D55D-66A9-4319-83BE-8A3DD07E4D03}
	EndGlobalSection
EndGlobal
