
Microsoft Visual Studio Solution File, Format Version 12.00
# Visual Studio Version 17
VisualStudioVersion = 17.5.002.0
MinimumVisualStudioVersion = 10.0.40219.1
Project("{9A19103F-16F7-4668-BE54-9A1E7A4F7556}") = "04_ReturnValueFromTaskExample", "04_ReturnValueFromTaskExample.csproj", "{1BB6DD4F-15C3-4D21-A27E-3AB5FDDBA1C8}"
EndProject
Global
	GlobalSection(SolutionConfigurationPlatforms) = preSolution
		Debug|Any CPU = Debug|Any CPU
		Release|Any CPU = Release|Any CPU
	EndGlobalSection
	GlobalSection(ProjectConfigurationPlatforms) = postSolution
		{1BB6DD4F-15C3-4D21-A27E-3AB5FDDBA1C8}.Debug|Any CPU.ActiveCfg = Debug|Any CPU
		{1BB6DD4F-15C3-4D21-A27E-3AB5FDDBA1C8}.Debug|Any CPU.Build.0 = Debug|Any CPU
		{1BB6DD4F-15C3-4D21-A27E-3AB5FDDBA1C8}.Release|Any CPU.ActiveCfg = Release|Any CPU
		{1BB6DD4F-15C3-4D21-A27E-3AB5FDDBA1C8}.Release|Any CPU.Build.0 = Release|Any CPU
	EndGlobalSection
	GlobalSection(SolutionProperties) = preSolution
		HideSolutionNode = FALSE
	EndGlobalSection
	GlobalSection(ExtensibilityGlobals) = postSolution
		SolutionGuid = {64AF7608-51F6-4812-973F-8056D995A2B1}
	EndGlobalSection
EndGlobal
