
Microsoft Visual Studio Solution File, Format Version 12.00
# Visual Studio Version 17
VisualStudioVersion = 17.8.34330.188
MinimumVisualStudioVersion = 10.0.40219.1
Project("{FAE04EC0-301F-11D3-BF4B-00C04F79EFBC}") = "PrivateConstructorDemo", "PrivateConstructorDemo\PrivateConstructorDemo.csproj", "{FCB7AED1-B777-416B-B9C1-DD761D7DA646}"
EndProject
Global
	GlobalSection(SolutionConfigurationPlatforms) = preSolution
		Debug|Any CPU = Debug|Any CPU
		Release|Any CPU = Release|Any CPU
	EndGlobalSection
	GlobalSection(ProjectConfigurationPlatforms) = postSolution
		{FCB7AED1-B777-416B-B9C1-DD761D7DA646}.Debug|Any CPU.ActiveCfg = Debug|Any CPU
		{FCB7AED1-B777-416B-B9C1-DD761D7DA646}.Debug|Any CPU.Build.0 = Debug|Any CPU
		{FCB7AED1-B777-416B-B9C1-DD761D7DA646}.Release|Any CPU.ActiveCfg = Release|Any CPU
		{FCB7AED1-B777-416B-B9C1-DD761D7DA646}.Release|Any CPU.Build.0 = Release|Any CPU
	EndGlobalSection
	GlobalSection(SolutionProperties) = preSolution
		HideSolutionNode = FALSE
	EndGlobalSection
	GlobalSection(ExtensibilityGlobals) = postSolution
		SolutionGuid = {D71B9447-DA3A-4EDA-9044-1338E995462D}
	EndGlobalSection
EndGlobal
