
Microsoft Visual Studio Solution File, Format Version 12.00
# Visual Studio Version 17
VisualStudioVersion = 17.5.002.0
MinimumVisualStudioVersion = 10.0.40219.1
Project("{9A19103F-16F7-4668-BE54-9A1E7A4F7556}") = "IntegerLiteralExampleApp", "IntegerLiteralExampleApp.csproj", "{64B1ACEB-FF34-4670-AEFA-FF357CC7EC32}"
EndProject
Global
	GlobalSection(SolutionConfigurationPlatforms) = preSolution
		Debug|Any CPU = Debug|Any CPU
		Release|Any CPU = Release|Any CPU
	EndGlobalSection
	GlobalSection(ProjectConfigurationPlatforms) = postSolution
		{64B1ACEB-FF34-4670-AEFA-FF357CC7EC32}.Debug|Any CPU.ActiveCfg = Debug|Any CPU
		{64B1ACEB-FF34-4670-AEFA-FF357CC7EC32}.Debug|Any CPU.Build.0 = Debug|Any CPU
		{64B1ACEB-FF34-4670-AEFA-FF357CC7EC32}.Release|Any CPU.ActiveCfg = Release|Any CPU
		{64B1ACEB-FF34-4670-AEFA-FF357CC7EC32}.Release|Any CPU.Build.0 = Release|Any CPU
	EndGlobalSection
	GlobalSection(SolutionProperties) = preSolution
		HideSolutionNode = FALSE
	EndGlobalSection
	GlobalSection(ExtensibilityGlobals) = postSolution
		SolutionGuid = {27C08055-570A-4528-B582-ACA97F197D4A}
	EndGlobalSection
EndGlobal
