
Microsoft Visual Studio Solution File, Format Version 12.00
# Visual Studio Version 17
VisualStudioVersion = 17.8.34330.188
MinimumVisualStudioVersion = 10.0.40219.1
Project("{FAE04EC0-301F-11D3-BF4B-00C04F79EFBC}") = "ConstReadOnlyDemo", "ConstReadOnlyDemo\ConstReadOnlyDemo.csproj", "{9420421D-2093-4A6F-AF9E-78E21D653D1D}"
EndProject
Global
	GlobalSection(SolutionConfigurationPlatforms) = preSolution
		Debug|Any CPU = Debug|Any CPU
		Release|Any CPU = Release|Any CPU
	EndGlobalSection
	GlobalSection(ProjectConfigurationPlatforms) = postSolution
		{9420421D-2093-4A6F-AF9E-78E21D653D1D}.Debug|Any CPU.ActiveCfg = Debug|Any CPU
		{9420421D-2093-4A6F-AF9E-78E21D653D1D}.Debug|Any CPU.Build.0 = Debug|Any CPU
		{9420421D-2093-4A6F-AF9E-78E21D653D1D}.Release|Any CPU.ActiveCfg = Release|Any CPU
		{9420421D-2093-4A6F-AF9E-78E21D653D1D}.Release|Any CPU.Build.0 = Release|Any CPU
	EndGlobalSection
	GlobalSection(SolutionProperties) = preSolution
		HideSolutionNode = FALSE
	EndGlobalSection
	GlobalSection(ExtensibilityGlobals) = postSolution
		SolutionGuid = {AD024B62-9CEE-4A5D-A507-1287B5D12270}
	EndGlobalSection
EndGlobal
