
Microsoft Visual Studio Solution File, Format Version 12.00
# Visual Studio Version 17
VisualStudioVersion = 17.5.002.0
MinimumVisualStudioVersion = 10.0.40219.1
Project("{9A19103F-16F7-4668-BE54-9A1E7A4F7556}") = "03_Task in C#", "03_Task in C#.csproj", "{F461E56C-80F9-4094-A1D8-26A0B9FD1B9F}"
EndProject
Global
	GlobalSection(SolutionConfigurationPlatforms) = preSolution
		Debug|Any CPU = Debug|Any CPU
		Release|Any CPU = Release|Any CPU
	EndGlobalSection
	GlobalSection(ProjectConfigurationPlatforms) = postSolution
		{F461E56C-80F9-4094-A1D8-26A0B9FD1B9F}.Debug|Any CPU.ActiveCfg = Debug|Any CPU
		{F461E56C-80F9-4094-A1D8-26A0B9FD1B9F}.Debug|Any CPU.Build.0 = Debug|Any CPU
		{F461E56C-80F9-4094-A1D8-26A0B9FD1B9F}.Release|Any CPU.ActiveCfg = Release|Any CPU
		{F461E56C-80F9-4094-A1D8-26A0B9FD1B9F}.Release|Any CPU.Build.0 = Release|Any CPU
	EndGlobalSection
	GlobalSection(SolutionProperties) = preSolution
		HideSolutionNode = FALSE
	EndGlobalSection
	GlobalSection(ExtensibilityGlobals) = postSolution
		SolutionGuid = {A5902381-23A2-4ABD-8367-B81F576A2AD7}
	EndGlobalSection
EndGlobal
