
Microsoft Visual Studio Solution File, Format Version 12.00
# Visual Studio Version 17
VisualStudioVersion = 17.5.002.0
MinimumVisualStudioVersion = 10.0.40219.1
Project("{9A19103F-16F7-4668-BE54-9A1E7A4F7556}") = "TestConsoleApplication", "TestConsoleApplication.csproj", "{BE20243C-DC66-4107-A0D0-0B71AB1E90D2}"
EndProject
Global
	GlobalSection(SolutionConfigurationPlatforms) = preSolution
		Debug|Any CPU = Debug|Any CPU
		Release|Any CPU = Release|Any CPU
	EndGlobalSection
	GlobalSection(ProjectConfigurationPlatforms) = postSolution
		{BE20243C-DC66-4107-A0D0-0B71AB1E90D2}.Debug|Any CPU.ActiveCfg = Debug|Any CPU
		{BE20243C-DC66-4107-A0D0-0B71AB1E90D2}.Debug|Any CPU.Build.0 = Debug|Any CPU
		{BE20243C-DC66-4107-A0D0-0B71AB1E90D2}.Release|Any CPU.ActiveCfg = Release|Any CPU
		{BE20243C-DC66-4107-A0D0-0B71AB1E90D2}.Release|Any CPU.Build.0 = Release|Any CPU
	EndGlobalSection
	GlobalSection(SolutionProperties) = preSolution
		HideSolutionNode = FALSE
	EndGlobalSection
	GlobalSection(ExtensibilityGlobals) = postSolution
		SolutionGuid = {0B325302-39D1-4DA7-A081-43D995704C22}
	EndGlobalSection
EndGlobal
