
Microsoft Visual Studio Solution File, Format Version 12.00
# Visual Studio Version 17
VisualStudioVersion = 17.8.34330.188
MinimumVisualStudioVersion = 10.0.40219.1
Project("{FAE04EC0-301F-11D3-BF4B-00C04F79EFBC}") = "ClassObjectDemo", "ClassObjectDemo\ClassObjectDemo.csproj", "{34DBCABF-64BF-4C9B-BFE8-153B6C418D09}"
EndProject
Global
	GlobalSection(SolutionConfigurationPlatforms) = preSolution
		Debug|Any CPU = Debug|Any CPU
		Release|Any CPU = Release|Any CPU
	EndGlobalSection
	GlobalSection(ProjectConfigurationPlatforms) = postSolution
		{34DBCABF-64BF-4C9B-BFE8-153B6C418D09}.Debug|Any CPU.ActiveCfg = Debug|Any CPU
		{34DBCABF-64BF-4C9B-BFE8-153B6C418D09}.Debug|Any CPU.Build.0 = Debug|Any CPU
		{34DBCABF-64BF-4C9B-BFE8-153B6C418D09}.Release|Any CPU.ActiveCfg = Release|Any CPU
		{34DBCABF-64BF-4C9B-BFE8-153B6C418D09}.Release|Any CPU.Build.0 = Release|Any CPU
	EndGlobalSection
	GlobalSection(SolutionProperties) = preSolution
		HideSolutionNode = FALSE
	EndGlobalSection
	GlobalSection(ExtensibilityGlobals) = postSolution
		SolutionGuid = {DE2773A1-0B64-4971-8312-29B4B7D38FB4}
	EndGlobalSection
EndGlobal
